
Microsoft Visual Studio Solution File, Format Version 12.00
# Visual Studio Version 16
VisualStudioVersion = 16.0.29519.181
MinimumVisualStudioVersion = 10.0.40219.1
Project("{2150E333-8FDC-42A3-9474-1A3956D46DE8}") = "Microservices", "Microservices", "{B3531FC3-CFAA-4CCC-8F48-4A2FF29D589C}"
EndProject
Project("{2150E333-8FDC-42A3-9474-1A3956D46DE8}") = "Domain", "Domain", "{80A02C79-EF86-4AB3-91E0-0BE8A0A98CD0}"
EndProject
Project("{2150E333-8FDC-42A3-9474-1A3956D46DE8}") = "Infra.Bus", "Infra.Bus", "{9D8A58F3-1F22-40B2-9B65-BFCA4832A0F4}"
EndProject
Project("{2150E333-8FDC-42A3-9474-1A3956D46DE8}") = "Infra.IoC", "Infra.IoC", "{3972FC78-89AA-44FC-9708-CE44C3BC9142}"
EndProject
Project("{2150E333-8FDC-42A3-9474-1A3956D46DE8}") = "Presentation", "Presentation", "{0E5867A6-4666-4152-A343-CEAB8BF86B47}"
EndProject
Project("{9A19103F-16F7-4668-BE54-9A1E7A4F7556}") = "MicroServicesRabitMq.Domain.Core", "MicroServicesRabitMq.Domain.Core\MicroServicesRabitMq.Domain.Core.csproj", "{86896D73-D9FD-455D-8DA7-4C531F1CC42F}"
EndProject
Project("{9A19103F-16F7-4668-BE54-9A1E7A4F7556}") = "MicroServicesRabitMq.Infra.Bus", "MicroServicesRabitMq.Infra.Bus\MicroServicesRabitMq.Infra.Bus.csproj", "{C55FEE8F-FAF3-4792-9893-8BDF4A6CC599}"
EndProject
Project("{9A19103F-16F7-4668-BE54-9A1E7A4F7556}") = "MicroServicesRabitMq.Infra.IoC", "MicroServicesRabitMq.Infra.IoC\MicroServicesRabitMq.Infra.IoC.csproj", "{CFA8A647-6C85-4B60-980F-25E2F71C9E1A}"
EndProject
Project("{2150E333-8FDC-42A3-9474-1A3956D46DE8}") = "Banking", "Banking", "{713ECEF0-260C-4BA8-8100-075A41773638}"
EndProject
Project("{2150E333-8FDC-42A3-9474-1A3956D46DE8}") = "Api", "Api", "{22CCF39B-81A0-462C-AB24-F2E07871AF11}"
EndProject
Project("{2150E333-8FDC-42A3-9474-1A3956D46DE8}") = "Application", "Application", "{B07B543F-5CE7-4D23-9FE9-153857FD24B8}"
EndProject
Project("{2150E333-8FDC-42A3-9474-1A3956D46DE8}") = "Data", "Data", "{FE4F2435-A710-405E-BA93-75F352E155B5}"
EndProject
Project("{2150E333-8FDC-42A3-9474-1A3956D46DE8}") = "Domain", "Domain", "{B320C7BC-BD2A-4FA7-B40D-CD53F1DBDAEB}"
EndProject
Project("{9A19103F-16F7-4668-BE54-9A1E7A4F7556}") = "MicroServicesRabitMq.Banking.Api", "MicroServicesRabitMq.Banking.Api\MicroServicesRabitMq.Banking.Api.csproj", "{67725E0D-02D0-4A97-A18E-453120309768}"
EndProject
Project("{9A19103F-16F7-4668-BE54-9A1E7A4F7556}") = "MicroServicesRabitMq.Banking.Application", "MicroServicesRabitMq.Banking.Application\MicroServicesRabitMq.Banking.Application.csproj", "{00261A7E-B914-47B1-9F8D-1284E5D48B74}"
EndProject
Project("{9A19103F-16F7-4668-BE54-9A1E7A4F7556}") = "MicroServicesRabitMq.Banking.Data", "MicroServicesRabitMq.Banking.Data\MicroServicesRabitMq.Banking.Data.csproj", "{4DED8641-5ABF-4DAD-9B56-3D016BEC6F76}"
EndProject
Project("{9A19103F-16F7-4668-BE54-9A1E7A4F7556}") = "MicroServicesRabitMq.Banking.Domain", "MicroServicesRabitMq.Banking.Domain\MicroServicesRabitMq.Banking.Domain.csproj", "{91366D72-3047-4DDF-8868-55CADBB24865}"
EndProject
Project("{2150E333-8FDC-42A3-9474-1A3956D46DE8}") = "Transfer", "Transfer", "{9839A6F5-33B9-4DEA-B350-5EC3F349F151}"
EndProject
Project("{2150E333-8FDC-42A3-9474-1A3956D46DE8}") = "Api", "Api", "{60AC1B8A-04B6-4C24-B020-4115FA6402CE}"
EndProject
Project("{2150E333-8FDC-42A3-9474-1A3956D46DE8}") = "Application", "Application", "{153251DB-A58F-4B04-9C3E-898476769936}"
EndProject
Project("{2150E333-8FDC-42A3-9474-1A3956D46DE8}") = "Data", "Data", "{02BFBC77-6006-44CE-AE6B-4F6FAB6A3C66}"
EndProject
Project("{2150E333-8FDC-42A3-9474-1A3956D46DE8}") = "Domain", "Domain", "{E7F85A5C-97D9-4751-9CF4-E3E9CBCC3038}"
EndProject
Project("{9A19103F-16F7-4668-BE54-9A1E7A4F7556}") = "MicroServicesRabitMq.Transfer.Api", "MicroServicesRabitMq.Transfer.Api\MicroServicesRabitMq.Transfer.Api.csproj", "{C5D0BC78-10A4-4E2B-8FB1-86ACA6D73099}"
EndProject
Project("{9A19103F-16F7-4668-BE54-9A1E7A4F7556}") = "MicroServicesRabitMq.Transfer.Application", "MicroServicesRabitMq.Transfer.Application\MicroServicesRabitMq.Transfer.Application.csproj", "{1E8B1C99-150B-4E3F-9684-D1D5C2AD3BA0}"
EndProject
Project("{9A19103F-16F7-4668-BE54-9A1E7A4F7556}") = "MicroServicesRabitMq.Transfer.Data", "MicroServicesRabitMq.Transfer.Data\MicroServicesRabitMq.Transfer.Data.csproj", "{79F39A23-8647-40F6-B1CF-7D6A319FC90C}"
EndProject
Project("{9A19103F-16F7-4668-BE54-9A1E7A4F7556}") = "MicroServicesRabitMq.Transfer.Domain", "MicroServicesRabitMq.Transfer.Domain\MicroServicesRabitMq.Transfer.Domain.csproj", "{8B8D9EFB-DBCC-459D-8575-C899BE2E60E2}"
EndProject
Project("{9A19103F-16F7-4668-BE54-9A1E7A4F7556}") = "MicroServicesRabitMq.WebApp", "MicroServicesRabitMq.WebApp\MicroServicesRabitMq.WebApp.csproj", "{D38195F4-F4D1-4D4B-9921-9812136DEDAB}"
EndProject
Project("{E53339B2-1760-4266-BCC7-CA923CBCF16C}") = "docker-compose", "docker-compose.dcproj", "{D9FDD892-56C0-4B08-BA11-05293A13A27C}"
EndProject
Global
	GlobalSection(SolutionConfigurationPlatforms) = preSolution
		Debug|Any CPU = Debug|Any CPU
		Release|Any CPU = Release|Any CPU
	EndGlobalSection
	GlobalSection(ProjectConfigurationPlatforms) = postSolution
		{86896D73-D9FD-455D-8DA7-4C531F1CC42F}.Debug|Any CPU.ActiveCfg = Debug|Any CPU
		{86896D73-D9FD-455D-8DA7-4C531F1CC42F}.Debug|Any CPU.Build.0 = Debug|Any CPU
		{86896D73-D9FD-455D-8DA7-4C531F1CC42F}.Release|Any CPU.ActiveCfg = Release|Any CPU
		{86896D73-D9FD-455D-8DA7-4C531F1CC42F}.Release|Any CPU.Build.0 = Release|Any CPU
		{C55FEE8F-FAF3-4792-9893-8BDF4A6CC599}.Debug|Any CPU.ActiveCfg = Debug|Any CPU
		{C55FEE8F-FAF3-4792-9893-8BDF4A6CC599}.Debug|Any CPU.Build.0 = Debug|Any CPU
		{C55FEE8F-FAF3-4792-9893-8BDF4A6CC599}.Release|Any CPU.ActiveCfg = Release|Any CPU
		{C55FEE8F-FAF3-4792-9893-8BDF4A6CC599}.Release|Any CPU.Build.0 = Release|Any CPU
		{CFA8A647-6C85-4B60-980F-25E2F71C9E1A}.Debug|Any CPU.ActiveCfg = Debug|Any CPU
		{CFA8A647-6C85-4B60-980F-25E2F71C9E1A}.Debug|Any CPU.Build.0 = Debug|Any CPU
		{CFA8A647-6C85-4B60-980F-25E2F71C9E1A}.Release|Any CPU.ActiveCfg = Release|Any CPU
		{CFA8A647-6C85-4B60-980F-25E2F71C9E1A}.Release|Any CPU.Build.0 = Release|Any CPU
		{67725E0D-02D0-4A97-A18E-453120309768}.Debug|Any CPU.ActiveCfg = Debug|Any CPU
		{67725E0D-02D0-4A97-A18E-453120309768}.Debug|Any CPU.Build.0 = Debug|Any CPU
		{67725E0D-02D0-4A97-A18E-453120309768}.Release|Any CPU.ActiveCfg = Release|Any CPU
		{67725E0D-02D0-4A97-A18E-453120309768}.Release|Any CPU.Build.0 = Release|Any CPU
		{00261A7E-B914-47B1-9F8D-1284E5D48B74}.Debug|Any CPU.ActiveCfg = Debug|Any CPU
		{00261A7E-B914-47B1-9F8D-1284E5D48B74}.Debug|Any CPU.Build.0 = Debug|Any CPU
		{00261A7E-B914-47B1-9F8D-1284E5D48B74}.Release|Any CPU.ActiveCfg = Release|Any CPU
		{00261A7E-B914-47B1-9F8D-1284E5D48B74}.Release|Any CPU.Build.0 = Release|Any CPU
		{4DED8641-5ABF-4DAD-9B56-3D016BEC6F76}.Debug|Any CPU.ActiveCfg = Debug|Any CPU
		{4DED8641-5ABF-4DAD-9B56-3D016BEC6F76}.Debug|Any CPU.Build.0 = Debug|Any CPU
		{4DED8641-5ABF-4DAD-9B56-3D016BEC6F76}.Release|Any CPU.ActiveCfg = Release|Any CPU
		{4DED8641-5ABF-4DAD-9B56-3D016BEC6F76}.Release|Any CPU.Build.0 = Release|Any CPU
		{91366D72-3047-4DDF-8868-55CADBB24865}.Debug|Any CPU.ActiveCfg = Debug|Any CPU
		{91366D72-3047-4DDF-8868-55CADBB24865}.Debug|Any CPU.Build.0 = Debug|Any CPU
		{91366D72-3047-4DDF-8868-55CADBB24865}.Release|Any CPU.ActiveCfg = Release|Any CPU
		{91366D72-3047-4DDF-8868-55CADBB24865}.Release|Any CPU.Build.0 = Release|Any CPU
		{C5D0BC78-10A4-4E2B-8FB1-86ACA6D73099}.Debug|Any CPU.ActiveCfg = Debug|Any CPU
		{C5D0BC78-10A4-4E2B-8FB1-86ACA6D73099}.Debug|Any CPU.Build.0 = Debug|Any CPU
		{C5D0BC78-10A4-4E2B-8FB1-86ACA6D73099}.Release|Any CPU.ActiveCfg = Release|Any CPU
		{C5D0BC78-10A4-4E2B-8FB1-86ACA6D73099}.Release|Any CPU.Build.0 = Release|Any CPU
		{1E8B1C99-150B-4E3F-9684-D1D5C2AD3BA0}.Debug|Any CPU.ActiveCfg = Debug|Any CPU
		{1E8B1C99-150B-4E3F-9684-D1D5C2AD3BA0}.Debug|Any CPU.Build.0 = Debug|Any CPU
		{1E8B1C99-150B-4E3F-9684-D1D5C2AD3BA0}.Release|Any CPU.ActiveCfg = Release|Any CPU
		{1E8B1C99-150B-4E3F-9684-D1D5C2AD3BA0}.Release|Any CPU.Build.0 = Release|Any CPU
		{79F39A23-8647-40F6-B1CF-7D6A319FC90C}.Debug|Any CPU.ActiveCfg = Debug|Any CPU
		{79F39A23-8647-40F6-B1CF-7D6A319FC90C}.Debug|Any CPU.Build.0 = Debug|Any CPU
		{79F39A23-8647-40F6-B1CF-7D6A319FC90C}.Release|Any CPU.ActiveCfg = Release|Any CPU
		{79F39A23-8647-40F6-B1CF-7D6A319FC90C}.Release|Any CPU.Build.0 = Release|Any CPU
		{8B8D9EFB-DBCC-459D-8575-C899BE2E60E2}.Debug|Any CPU.ActiveCfg = Debug|Any CPU
		{8B8D9EFB-DBCC-459D-8575-C899BE2E60E2}.Debug|Any CPU.Build.0 = Debug|Any CPU
		{8B8D9EFB-DBCC-459D-8575-C899BE2E60E2}.Release|Any CPU.ActiveCfg = Release|Any CPU
		{8B8D9EFB-DBCC-459D-8575-C899BE2E60E2}.Release|Any CPU.Build.0 = Release|Any CPU
		{D38195F4-F4D1-4D4B-9921-9812136DEDAB}.Debug|Any CPU.ActiveCfg = Debug|Any CPU
		{D38195F4-F4D1-4D4B-9921-9812136DEDAB}.Debug|Any CPU.Build.0 = Debug|Any CPU
		{D38195F4-F4D1-4D4B-9921-9812136DEDAB}.Release|Any CPU.ActiveCfg = Release|Any CPU
		{D38195F4-F4D1-4D4B-9921-9812136DEDAB}.Release|Any CPU.Build.0 = Release|Any CPU
		{D9FDD892-56C0-4B08-BA11-05293A13A27C}.Debug|Any CPU.ActiveCfg = Debug|Any CPU
		{D9FDD892-56C0-4B08-BA11-05293A13A27C}.Debug|Any CPU.Build.0 = Debug|Any CPU
		{D9FDD892-56C0-4B08-BA11-05293A13A27C}.Release|Any CPU.ActiveCfg = Release|Any CPU
		{D9FDD892-56C0-4B08-BA11-05293A13A27C}.Release|Any CPU.Build.0 = Release|Any CPU
	EndGlobalSection
	GlobalSection(SolutionProperties) = preSolution
		HideSolutionNode = FALSE
	EndGlobalSection
	GlobalSection(NestedProjects) = preSolution
		{86896D73-D9FD-455D-8DA7-4C531F1CC42F} = {80A02C79-EF86-4AB3-91E0-0BE8A0A98CD0}
		{C55FEE8F-FAF3-4792-9893-8BDF4A6CC599} = {9D8A58F3-1F22-40B2-9B65-BFCA4832A0F4}
		{CFA8A647-6C85-4B60-980F-25E2F71C9E1A} = {3972FC78-89AA-44FC-9708-CE44C3BC9142}
		{713ECEF0-260C-4BA8-8100-075A41773638} = {B3531FC3-CFAA-4CCC-8F48-4A2FF29D589C}
		{22CCF39B-81A0-462C-AB24-F2E07871AF11} = {713ECEF0-260C-4BA8-8100-075A41773638}
		{B07B543F-5CE7-4D23-9FE9-153857FD24B8} = {713ECEF0-260C-4BA8-8100-075A41773638}
		{FE4F2435-A710-405E-BA93-75F352E155B5} = {713ECEF0-260C-4BA8-8100-075A41773638}
		{B320C7BC-BD2A-4FA7-B40D-CD53F1DBDAEB} = {713ECEF0-260C-4BA8-8100-075A41773638}
		{67725E0D-02D0-4A97-A18E-453120309768} = {22CCF39B-81A0-462C-AB24-F2E07871AF11}
		{00261A7E-B914-47B1-9F8D-1284E5D48B74} = {B07B543F-5CE7-4D23-9FE9-153857FD24B8}
		{4DED8641-5ABF-4DAD-9B56-3D016BEC6F76} = {FE4F2435-A710-405E-BA93-75F352E155B5}
		{91366D72-3047-4DDF-8868-55CADBB24865} = {B320C7BC-BD2A-4FA7-B40D-CD53F1DBDAEB}
		{9839A6F5-33B9-4DEA-B350-5EC3F349F151} = {B3531FC3-CFAA-4CCC-8F48-4A2FF29D589C}
		{60AC1B8A-04B6-4C24-B020-4115FA6402CE} = {9839A6F5-33B9-4DEA-B350-5EC3F349F151}
		{153251DB-A58F-4B04-9C3E-898476769936} = {9839A6F5-33B9-4DEA-B350-5EC3F349F151}
		{02BFBC77-6006-44CE-AE6B-4F6FAB6A3C66} = {9839A6F5-33B9-4DEA-B350-5EC3F349F151}
		{E7F85A5C-97D9-4751-9CF4-E3E9CBCC3038} = {9839A6F5-33B9-4DEA-B350-5EC3F349F151}
		{C5D0BC78-10A4-4E2B-8FB1-86ACA6D73099} = {60AC1B8A-04B6-4C24-B020-4115FA6402CE}
		{1E8B1C99-150B-4E3F-9684-D1D5C2AD3BA0} = {153251DB-A58F-4B04-9C3E-898476769936}
		{79F39A23-8647-40F6-B1CF-7D6A319FC90C} = {02BFBC77-6006-44CE-AE6B-4F6FAB6A3C66}
		{8B8D9EFB-DBCC-459D-8575-C899BE2E60E2} = {E7F85A5C-97D9-4751-9CF4-E3E9CBCC3038}
		{D38195F4-F4D1-4D4B-9921-9812136DEDAB} = {0E5867A6-4666-4152-A343-CEAB8BF86B47}
	EndGlobalSection
	GlobalSection(ExtensibilityGlobals) = postSolution
		SolutionGuid = {E8C1D284-67B5-4A20-B823-E414167D6FDF}
	EndGlobalSection
EndGlobal
